// !$*UTF8*$!
{
	archiveVersion = 1;
	classes = {
	};
	objectVersion = 56;
	objects = {

/* Begin PBXBuildFile section */
		BB0961D02B76683100814C4A /* NetworkError.swift in Sources */ = {isa = PBXBuildFile; fileRef = BB0961CF2B76683100814C4A /* NetworkError.swift */; };
		BB0961D22B766F8E00814C4A /* GooglePlacesAPIEndpoints.swift in Sources */ = {isa = PBXBuildFile; fileRef = BB0961D12B766F8E00814C4A /* GooglePlacesAPIEndpoints.swift */; };
		BB0961D42B76704900814C4A /* TodoMapCoreDataManager.swift in Sources */ = {isa = PBXBuildFile; fileRef = BB0961D32B76704900814C4A /* TodoMapCoreDataManager.swift */; };
		BB0961D62B76778500814C4A /* CoreDataError.swift in Sources */ = {isa = PBXBuildFile; fileRef = BB0961D52B76778500814C4A /* CoreDataError.swift */; };
		BB0961D82B76D36F00814C4A /* Binding.swift in Sources */ = {isa = PBXBuildFile; fileRef = BB0961D72B76D36F00814C4A /* Binding.swift */; };
		BB0961DA2B76D3EF00814C4A /* Optional.swift in Sources */ = {isa = PBXBuildFile; fileRef = BB0961D92B76D3EF00814C4A /* Optional.swift */; };
		BB0961DC2B787C6400814C4A /* LocationError.swift in Sources */ = {isa = PBXBuildFile; fileRef = BB0961DB2B787C6400814C4A /* LocationError.swift */; };
		BB0961DE2B7990BE00814C4A /* MainCoordinator.swift in Sources */ = {isa = PBXBuildFile; fileRef = BB0961DD2B7990BE00814C4A /* MainCoordinator.swift */; };
		BB0961E02B79960F00814C4A /* TodoListCoordinator.swift in Sources */ = {isa = PBXBuildFile; fileRef = BB0961DF2B79960F00814C4A /* TodoListCoordinator.swift */; };
		BB0961E22B799EAE00814C4A /* TodoListContentView.swift in Sources */ = {isa = PBXBuildFile; fileRef = BB0961E12B799EAE00814C4A /* TodoListContentView.swift */; };
		BB0961E42B7A5C1400814C4A /* ApiKeys.plist in Resources */ = {isa = PBXBuildFile; fileRef = BB0961E32B7A5C1400814C4A /* ApiKeys.plist */; };
		BB0961E62B7A5C3B00814C4A /* ApiKeyManager.swift in Sources */ = {isa = PBXBuildFile; fileRef = BB0961E52B7A5C3B00814C4A /* ApiKeyManager.swift */; };
		BB0961E82B7A5C8600814C4A /* ApiKeyModel.swift in Sources */ = {isa = PBXBuildFile; fileRef = BB0961E72B7A5C8600814C4A /* ApiKeyModel.swift */; };
		BB0961EA2B7A5CCC00814C4A /* PlistError.swift in Sources */ = {isa = PBXBuildFile; fileRef = BB0961E92B7A5CCC00814C4A /* PlistError.swift */; };
		BB0961EC2B7A941A00814C4A /* MapCoordinator.swift in Sources */ = {isa = PBXBuildFile; fileRef = BB0961EB2B7A941A00814C4A /* MapCoordinator.swift */; };
		BB0961EF2B7A988900814C4A /* MapsContentView.swift in Sources */ = {isa = PBXBuildFile; fileRef = BB0961EE2B7A988900814C4A /* MapsContentView.swift */; };
		BB4250052B766455009987FA /* HTTPMethod.swift in Sources */ = {isa = PBXBuildFile; fileRef = BB4250042B766455009987FA /* HTTPMethod.swift */; };
		BB42E1B02A8428A8001D2F05 /* TodoItemNameLocationEditView.swift in Sources */ = {isa = PBXBuildFile; fileRef = BB42E1AF2A8428A8001D2F05 /* TodoItemNameLocationEditView.swift */; };
		BB42E1B22A89E66D001D2F05 /* TodoItemsEditView.swift in Sources */ = {isa = PBXBuildFile; fileRef = BB42E1B12A89E66D001D2F05 /* TodoItemsEditView.swift */; };
		BB42E1B42A89E6B5001D2F05 /* TodoItemEditView.swift in Sources */ = {isa = PBXBuildFile; fileRef = BB42E1B32A89E6B5001D2F05 /* TodoItemEditView.swift */; };
		BB42E1B72A8AD038001D2F05 /* CheckCircleView.swift in Sources */ = {isa = PBXBuildFile; fileRef = BB42E1B62A8AD038001D2F05 /* CheckCircleView.swift */; };
		BB42E1BB2A901677001D2F05 /* UIApplication.swift in Sources */ = {isa = PBXBuildFile; fileRef = BB42E1BA2A901677001D2F05 /* UIApplication.swift */; };
		BB42E1BE2A910B27001D2F05 /* KeyboardReadable.swift in Sources */ = {isa = PBXBuildFile; fileRef = BB42E1BD2A910B27001D2F05 /* KeyboardReadable.swift */; };
		BB629A952A82AB5400B14D49 /* TodoRowView.swift in Sources */ = {isa = PBXBuildFile; fileRef = BB629A942A82AB5400B14D49 /* TodoRowView.swift */; };
		BB629A972A82AB7100B14D49 /* TodoItemGroupListView.swift in Sources */ = {isa = PBXBuildFile; fileRef = BB629A962A82AB7100B14D49 /* TodoItemGroupListView.swift */; };
		BB629A9A2A82ABB200B14D49 /* TodosViewModel.swift in Sources */ = {isa = PBXBuildFile; fileRef = BB629A992A82ABB200B14D49 /* TodosViewModel.swift */; };
		BB629A9C2A82ABD300B14D49 /* TodoItemModel.swift in Sources */ = {isa = PBXBuildFile; fileRef = BB629A9B2A82ABD300B14D49 /* TodoItemModel.swift */; };
		BB629A9F2A82ACAE00B14D49 /* Status.swift in Sources */ = {isa = PBXBuildFile; fileRef = BB629A9E2A82ACAE00B14D49 /* Status.swift */; };
		BB629AA12A82AE3C00B14D49 /* PreviewProvider.swift in Sources */ = {isa = PBXBuildFile; fileRef = BB629AA02A82AE3C00B14D49 /* PreviewProvider.swift */; };
		BB629AA32A82B9B100B14D49 /* TodoItemListModel.swift in Sources */ = {isa = PBXBuildFile; fileRef = BB629AA22A82B9B100B14D49 /* TodoItemListModel.swift */; };
		BB629AA52A82BBA100B14D49 /* LocationModel.swift in Sources */ = {isa = PBXBuildFile; fileRef = BB629AA42A82BBA100B14D49 /* LocationModel.swift */; };
		BB629AA72A82C90A00B14D49 /* View.swift in Sources */ = {isa = PBXBuildFile; fileRef = BB629AA62A82C90A00B14D49 /* View.swift */; };
		BB629AA92A82CBB700B14D49 /* Date.swift in Sources */ = {isa = PBXBuildFile; fileRef = BB629AA82A82CBB700B14D49 /* Date.swift */; };
		BB629AAD2A82D73A00B14D49 /* TodoItemListEditViewModel.swift in Sources */ = {isa = PBXBuildFile; fileRef = BB629AAC2A82D73A00B14D49 /* TodoItemListEditViewModel.swift */; };
		BB629AAF2A82D75900B14D49 /* TodoItemListEditView.swift in Sources */ = {isa = PBXBuildFile; fileRef = BB629AAE2A82D75900B14D49 /* TodoItemListEditView.swift */; };
		BB77670B2A943FC600E2A6BC /* MapsService.swift in Sources */ = {isa = PBXBuildFile; fileRef = BB77670A2A943FC600E2A6BC /* MapsService.swift */; };
		BB77670D2A94424300E2A6BC /* GoogleAutoCompleteModel.swift in Sources */ = {isa = PBXBuildFile; fileRef = BB77670C2A94424300E2A6BC /* GoogleAutoCompleteModel.swift */; };
		BB77670F2A944C9400E2A6BC /* NetworkManager.swift in Sources */ = {isa = PBXBuildFile; fileRef = BB77670E2A944C9400E2A6BC /* NetworkManager.swift */; };
		BB7767112A9450C500E2A6BC /* Constants.swift in Sources */ = {isa = PBXBuildFile; fileRef = BB7767102A9450C500E2A6BC /* Constants.swift */; };
		BB7767132A94522700E2A6BC /* GooglePlaceType.swift in Sources */ = {isa = PBXBuildFile; fileRef = BB7767122A94522700E2A6BC /* GooglePlaceType.swift */; };
		BB77671A2A94586000E2A6BC /* PlacesSearchViewModel.swift in Sources */ = {isa = PBXBuildFile; fileRef = BB7767192A94586000E2A6BC /* PlacesSearchViewModel.swift */; };
		BB77671E2A94588900E2A6BC /* PlacesSearchBarView.swift in Sources */ = {isa = PBXBuildFile; fileRef = BB77671D2A94588900E2A6BC /* PlacesSearchBarView.swift */; };
		BB7767212A9458A700E2A6BC /* PlaceSearchListView.swift in Sources */ = {isa = PBXBuildFile; fileRef = BB7767202A9458A700E2A6BC /* PlaceSearchListView.swift */; };
		BB7767232A9458CA00E2A6BC /* AutoCompleteListRowView.swift in Sources */ = {isa = PBXBuildFile; fileRef = BB7767222A9458CA00E2A6BC /* AutoCompleteListRowView.swift */; };
		BB83ECA12AAC288D00BECCD3 /* LocationSearchSheetView.swift in Sources */ = {isa = PBXBuildFile; fileRef = BB83ECA02AAC288D00BECCD3 /* LocationSearchSheetView.swift */; };
		BB83ECA32AAFAECD00BECCD3 /* PlaceSelectionView.swift in Sources */ = {isa = PBXBuildFile; fileRef = BB83ECA22AAFAECD00BECCD3 /* PlaceSelectionView.swift */; };
		BB83ECA52AAFB48500BECCD3 /* ReverseGeocodeModel.swift in Sources */ = {isa = PBXBuildFile; fileRef = BB83ECA42AAFB48500BECCD3 /* ReverseGeocodeModel.swift */; };
		BB83ECA72AAFB52A00BECCD3 /* LocationType.swift in Sources */ = {isa = PBXBuildFile; fileRef = BB83ECA62AAFB52A00BECCD3 /* LocationType.swift */; };
		BBA4F3B62A7F199C00DF4148 /* MapTodoApp.swift in Sources */ = {isa = PBXBuildFile; fileRef = BBA4F3B52A7F199C00DF4148 /* MapTodoApp.swift */; };
		BBA4F3B82A7F199C00DF4148 /* ContentView.swift in Sources */ = {isa = PBXBuildFile; fileRef = BBA4F3B72A7F199C00DF4148 /* ContentView.swift */; };
		BBA4F3BA2A7F199D00DF4148 /* Assets.xcassets in Resources */ = {isa = PBXBuildFile; fileRef = BBA4F3B92A7F199D00DF4148 /* Assets.xcassets */; };
		BBA4F3BD2A7F199D00DF4148 /* Preview Assets.xcassets in Resources */ = {isa = PBXBuildFile; fileRef = BBA4F3BC2A7F199D00DF4148 /* Preview Assets.xcassets */; };
		BBA4F3CD2A7F1B6D00DF4148 /* CustomTabBarView.swift in Sources */ = {isa = PBXBuildFile; fileRef = BBA4F3CC2A7F1B6D00DF4148 /* CustomTabBarView.swift */; };
		BBA4F3CF2A7F1B9400DF4148 /* TabBarItem.swift in Sources */ = {isa = PBXBuildFile; fileRef = BBA4F3CE2A7F1B9400DF4148 /* TabBarItem.swift */; };
		BBA4F3D12A7F1C0F00DF4148 /* String.swift in Sources */ = {isa = PBXBuildFile; fileRef = BBA4F3D02A7F1C0F00DF4148 /* String.swift */; };
		BBA4F3D42A7F1CD900DF4148 /* CustomTabBarItemView.swift in Sources */ = {isa = PBXBuildFile; fileRef = BBA4F3D32A7F1CD900DF4148 /* CustomTabBarItemView.swift */; };
		BBA4F3D62A7F1F1800DF4148 /* TabBarItemPreferenceKey.swift in Sources */ = {isa = PBXBuildFile; fileRef = BBA4F3D52A7F1F1800DF4148 /* TabBarItemPreferenceKey.swift */; };
		BBA4F3D82A7F214800DF4148 /* Color.swift in Sources */ = {isa = PBXBuildFile; fileRef = BBA4F3D72A7F214800DF4148 /* Color.swift */; };
		BBA4F3DA2A7F233A00DF4148 /* TabsView.swift in Sources */ = {isa = PBXBuildFile; fileRef = BBA4F3D92A7F233A00DF4148 /* TabsView.swift */; };
		BBAAA0572AA80AA500631BD8 /* TodoMapModel.xcdatamodeld in Sources */ = {isa = PBXBuildFile; fileRef = BBAAA0552AA80AA500631BD8 /* TodoMapModel.xcdatamodeld */; };
		BBAAA0592AA80ACD00631BD8 /* PersistenceController.swift in Sources */ = {isa = PBXBuildFile; fileRef = BBAAA0582AA80ACD00631BD8 /* PersistenceController.swift */; };
		BBCA8D3E2AA41FB200D302B7 /* GoogleNearbySearchModel.swift in Sources */ = {isa = PBXBuildFile; fileRef = BBCA8D3D2AA41FB200D302B7 /* GoogleNearbySearchModel.swift */; };
		BBCA8D402AA425E500D302B7 /* LocationManager.swift in Sources */ = {isa = PBXBuildFile; fileRef = BBCA8D3F2AA425E500D302B7 /* LocationManager.swift */; };
		BBCA8D422AA436EE00D302B7 /* NearBySearchListRowView.swift in Sources */ = {isa = PBXBuildFile; fileRef = BBCA8D412AA436EE00D302B7 /* NearBySearchListRowView.swift */; };
		BBCA8D462AA570A800D302B7 /* MKCoordinateRegion.swift in Sources */ = {isa = PBXBuildFile; fileRef = BBCA8D452AA570A800D302B7 /* MKCoordinateRegion.swift */; };
		BBCA8D482AA582B100D302B7 /* DistanceUnit.swift in Sources */ = {isa = PBXBuildFile; fileRef = BBCA8D472AA582B100D302B7 /* DistanceUnit.swift */; };
		BBCA8D4A2AA5945900D302B7 /* Double.swift in Sources */ = {isa = PBXBuildFile; fileRef = BBCA8D492AA5945900D302B7 /* Double.swift */; };
		BBCB5BF02A998DA100D08DE8 /* PlacesSearchView.swift in Sources */ = {isa = PBXBuildFile; fileRef = BBCB5BEF2A998DA100D08DE8 /* PlacesSearchView.swift */; };
		BBD948D52A91AA1700777393 /* TodoMapView.swift in Sources */ = {isa = PBXBuildFile; fileRef = BBD948D42A91AA1700777393 /* TodoMapView.swift */; };
		BBD948D72A91AA2500777393 /* TodoMapViewModel.swift in Sources */ = {isa = PBXBuildFile; fileRef = BBD948D62A91AA2500777393 /* TodoMapViewModel.swift */; };
		BBD948DA2A91C1DE00777393 /* CustomMapView.swift in Sources */ = {isa = PBXBuildFile; fileRef = BBD948D92A91C1DE00777393 /* CustomMapView.swift */; };
		BBF1ABFF2ABBF5D500F6B117 /* Spacer.swift in Sources */ = {isa = PBXBuildFile; fileRef = BBF1ABFE2ABBF5D500F6B117 /* Spacer.swift */; };
/* End PBXBuildFile section */

/* Begin PBXFileReference section */
		BB0961CF2B76683100814C4A /* NetworkError.swift */ = {isa = PBXFileReference; lastKnownFileType = sourcecode.swift; path = NetworkError.swift; sourceTree = "<group>"; };
		BB0961D12B766F8E00814C4A /* GooglePlacesAPIEndpoints.swift */ = {isa = PBXFileReference; lastKnownFileType = sourcecode.swift; path = GooglePlacesAPIEndpoints.swift; sourceTree = "<group>"; };
		BB0961D32B76704900814C4A /* TodoMapCoreDataManager.swift */ = {isa = PBXFileReference; lastKnownFileType = sourcecode.swift; path = TodoMapCoreDataManager.swift; sourceTree = "<group>"; };
		BB0961D52B76778500814C4A /* CoreDataError.swift */ = {isa = PBXFileReference; lastKnownFileType = sourcecode.swift; path = CoreDataError.swift; sourceTree = "<group>"; };
		BB0961D72B76D36F00814C4A /* Binding.swift */ = {isa = PBXFileReference; lastKnownFileType = sourcecode.swift; path = Binding.swift; sourceTree = "<group>"; };
		BB0961D92B76D3EF00814C4A /* Optional.swift */ = {isa = PBXFileReference; lastKnownFileType = sourcecode.swift; path = Optional.swift; sourceTree = "<group>"; };
		BB0961DB2B787C6400814C4A /* LocationError.swift */ = {isa = PBXFileReference; lastKnownFileType = sourcecode.swift; path = LocationError.swift; sourceTree = "<group>"; };
		BB0961DD2B7990BE00814C4A /* MainCoordinator.swift */ = {isa = PBXFileReference; lastKnownFileType = sourcecode.swift; path = MainCoordinator.swift; sourceTree = "<group>"; };
		BB0961DF2B79960F00814C4A /* TodoListCoordinator.swift */ = {isa = PBXFileReference; lastKnownFileType = sourcecode.swift; path = TodoListCoordinator.swift; sourceTree = "<group>"; };
		BB0961E12B799EAE00814C4A /* TodoListContentView.swift */ = {isa = PBXFileReference; lastKnownFileType = sourcecode.swift; path = TodoListContentView.swift; sourceTree = "<group>"; };
		BB0961E32B7A5C1400814C4A /* ApiKeys.plist */ = {isa = PBXFileReference; lastKnownFileType = text.plist.xml; path = ApiKeys.plist; sourceTree = "<group>"; };
		BB0961E52B7A5C3B00814C4A /* ApiKeyManager.swift */ = {isa = PBXFileReference; lastKnownFileType = sourcecode.swift; path = ApiKeyManager.swift; sourceTree = "<group>"; };
		BB0961E72B7A5C8600814C4A /* ApiKeyModel.swift */ = {isa = PBXFileReference; lastKnownFileType = sourcecode.swift; path = ApiKeyModel.swift; sourceTree = "<group>"; };
		BB0961E92B7A5CCC00814C4A /* PlistError.swift */ = {isa = PBXFileReference; lastKnownFileType = sourcecode.swift; path = PlistError.swift; sourceTree = "<group>"; };
		BB0961EB2B7A941A00814C4A /* MapCoordinator.swift */ = {isa = PBXFileReference; lastKnownFileType = sourcecode.swift; path = MapCoordinator.swift; sourceTree = "<group>"; };
		BB0961EE2B7A988900814C4A /* MapsContentView.swift */ = {isa = PBXFileReference; lastKnownFileType = sourcecode.swift; path = MapsContentView.swift; sourceTree = "<group>"; };
		BB4250042B766455009987FA /* HTTPMethod.swift */ = {isa = PBXFileReference; lastKnownFileType = sourcecode.swift; path = HTTPMethod.swift; sourceTree = "<group>"; };
		BB42E1AF2A8428A8001D2F05 /* TodoItemNameLocationEditView.swift */ = {isa = PBXFileReference; lastKnownFileType = sourcecode.swift; path = TodoItemNameLocationEditView.swift; sourceTree = "<group>"; };
		BB42E1B12A89E66D001D2F05 /* TodoItemsEditView.swift */ = {isa = PBXFileReference; lastKnownFileType = sourcecode.swift; path = TodoItemsEditView.swift; sourceTree = "<group>"; };
		BB42E1B32A89E6B5001D2F05 /* TodoItemEditView.swift */ = {isa = PBXFileReference; lastKnownFileType = sourcecode.swift; path = TodoItemEditView.swift; sourceTree = "<group>"; };
		BB42E1B62A8AD038001D2F05 /* CheckCircleView.swift */ = {isa = PBXFileReference; lastKnownFileType = sourcecode.swift; path = CheckCircleView.swift; sourceTree = "<group>"; };
		BB42E1BA2A901677001D2F05 /* UIApplication.swift */ = {isa = PBXFileReference; lastKnownFileType = sourcecode.swift; path = UIApplication.swift; sourceTree = "<group>"; };
		BB42E1BD2A910B27001D2F05 /* KeyboardReadable.swift */ = {isa = PBXFileReference; lastKnownFileType = sourcecode.swift; path = KeyboardReadable.swift; sourceTree = "<group>"; };
		BB629A942A82AB5400B14D49 /* TodoRowView.swift */ = {isa = PBXFileReference; lastKnownFileType = sourcecode.swift; path = TodoRowView.swift; sourceTree = "<group>"; };
		BB629A962A82AB7100B14D49 /* TodoItemGroupListView.swift */ = {isa = PBXFileReference; lastKnownFileType = sourcecode.swift; path = TodoItemGroupListView.swift; sourceTree = "<group>"; };
		BB629A992A82ABB200B14D49 /* TodosViewModel.swift */ = {isa = PBXFileReference; lastKnownFileType = sourcecode.swift; path = TodosViewModel.swift; sourceTree = "<group>"; };
		BB629A9B2A82ABD300B14D49 /* TodoItemModel.swift */ = {isa = PBXFileReference; lastKnownFileType = sourcecode.swift; path = TodoItemModel.swift; sourceTree = "<group>"; };
		BB629A9E2A82ACAE00B14D49 /* Status.swift */ = {isa = PBXFileReference; lastKnownFileType = sourcecode.swift; path = Status.swift; sourceTree = "<group>"; };
		BB629AA02A82AE3C00B14D49 /* PreviewProvider.swift */ = {isa = PBXFileReference; lastKnownFileType = sourcecode.swift; path = PreviewProvider.swift; sourceTree = "<group>"; };
		BB629AA22A82B9B100B14D49 /* TodoItemListModel.swift */ = {isa = PBXFileReference; lastKnownFileType = sourcecode.swift; path = TodoItemListModel.swift; sourceTree = "<group>"; };
		BB629AA42A82BBA100B14D49 /* LocationModel.swift */ = {isa = PBXFileReference; lastKnownFileType = sourcecode.swift; path = LocationModel.swift; sourceTree = "<group>"; };
		BB629AA62A82C90A00B14D49 /* View.swift */ = {isa = PBXFileReference; lastKnownFileType = sourcecode.swift; path = View.swift; sourceTree = "<group>"; };
		BB629AA82A82CBB700B14D49 /* Date.swift */ = {isa = PBXFileReference; lastKnownFileType = sourcecode.swift; path = Date.swift; sourceTree = "<group>"; };
		BB629AAC2A82D73A00B14D49 /* TodoItemListEditViewModel.swift */ = {isa = PBXFileReference; lastKnownFileType = sourcecode.swift; path = TodoItemListEditViewModel.swift; sourceTree = "<group>"; };
		BB629AAE2A82D75900B14D49 /* TodoItemListEditView.swift */ = {isa = PBXFileReference; lastKnownFileType = sourcecode.swift; path = TodoItemListEditView.swift; sourceTree = "<group>"; };
		BB77670A2A943FC600E2A6BC /* MapsService.swift */ = {isa = PBXFileReference; lastKnownFileType = sourcecode.swift; path = MapsService.swift; sourceTree = "<group>"; };
		BB77670C2A94424300E2A6BC /* GoogleAutoCompleteModel.swift */ = {isa = PBXFileReference; lastKnownFileType = sourcecode.swift; path = GoogleAutoCompleteModel.swift; sourceTree = "<group>"; };
		BB77670E2A944C9400E2A6BC /* NetworkManager.swift */ = {isa = PBXFileReference; lastKnownFileType = sourcecode.swift; path = NetworkManager.swift; sourceTree = "<group>"; };
		BB7767102A9450C500E2A6BC /* Constants.swift */ = {isa = PBXFileReference; lastKnownFileType = sourcecode.swift; path = Constants.swift; sourceTree = "<group>"; };
		BB7767122A94522700E2A6BC /* GooglePlaceType.swift */ = {isa = PBXFileReference; lastKnownFileType = sourcecode.swift; path = GooglePlaceType.swift; sourceTree = "<group>"; };
		BB7767192A94586000E2A6BC /* PlacesSearchViewModel.swift */ = {isa = PBXFileReference; lastKnownFileType = sourcecode.swift; path = PlacesSearchViewModel.swift; sourceTree = "<group>"; };
		BB77671D2A94588900E2A6BC /* PlacesSearchBarView.swift */ = {isa = PBXFileReference; lastKnownFileType = sourcecode.swift; path = PlacesSearchBarView.swift; sourceTree = "<group>"; };
		BB7767202A9458A700E2A6BC /* PlaceSearchListView.swift */ = {isa = PBXFileReference; lastKnownFileType = sourcecode.swift; path = PlaceSearchListView.swift; sourceTree = "<group>"; };
		BB7767222A9458CA00E2A6BC /* AutoCompleteListRowView.swift */ = {isa = PBXFileReference; lastKnownFileType = sourcecode.swift; path = AutoCompleteListRowView.swift; sourceTree = "<group>"; };
		BB83ECA02AAC288D00BECCD3 /* LocationSearchSheetView.swift */ = {isa = PBXFileReference; lastKnownFileType = sourcecode.swift; path = LocationSearchSheetView.swift; sourceTree = "<group>"; };
		BB83ECA22AAFAECD00BECCD3 /* PlaceSelectionView.swift */ = {isa = PBXFileReference; lastKnownFileType = sourcecode.swift; path = PlaceSelectionView.swift; sourceTree = "<group>"; };
		BB83ECA42AAFB48500BECCD3 /* ReverseGeocodeModel.swift */ = {isa = PBXFileReference; lastKnownFileType = sourcecode.swift; path = ReverseGeocodeModel.swift; sourceTree = "<group>"; };
		BB83ECA62AAFB52A00BECCD3 /* LocationType.swift */ = {isa = PBXFileReference; lastKnownFileType = sourcecode.swift; path = LocationType.swift; sourceTree = "<group>"; };
		BBA4F3B22A7F199C00DF4148 /* TodoMap.app */ = {isa = PBXFileReference; explicitFileType = wrapper.application; includeInIndex = 0; path = TodoMap.app; sourceTree = BUILT_PRODUCTS_DIR; };
		BBA4F3B52A7F199C00DF4148 /* MapTodoApp.swift */ = {isa = PBXFileReference; lastKnownFileType = sourcecode.swift; path = MapTodoApp.swift; sourceTree = "<group>"; };
		BBA4F3B72A7F199C00DF4148 /* ContentView.swift */ = {isa = PBXFileReference; lastKnownFileType = sourcecode.swift; path = ContentView.swift; sourceTree = "<group>"; };
		BBA4F3B92A7F199D00DF4148 /* Assets.xcassets */ = {isa = PBXFileReference; lastKnownFileType = folder.assetcatalog; path = Assets.xcassets; sourceTree = "<group>"; };
		BBA4F3BC2A7F199D00DF4148 /* Preview Assets.xcassets */ = {isa = PBXFileReference; lastKnownFileType = folder.assetcatalog; path = "Preview Assets.xcassets"; sourceTree = "<group>"; };
		BBA4F3CC2A7F1B6D00DF4148 /* CustomTabBarView.swift */ = {isa = PBXFileReference; lastKnownFileType = sourcecode.swift; path = CustomTabBarView.swift; sourceTree = "<group>"; };
		BBA4F3CE2A7F1B9400DF4148 /* TabBarItem.swift */ = {isa = PBXFileReference; lastKnownFileType = sourcecode.swift; path = TabBarItem.swift; sourceTree = "<group>"; };
		BBA4F3D02A7F1C0F00DF4148 /* String.swift */ = {isa = PBXFileReference; lastKnownFileType = sourcecode.swift; path = String.swift; sourceTree = "<group>"; };
		BBA4F3D32A7F1CD900DF4148 /* CustomTabBarItemView.swift */ = {isa = PBXFileReference; lastKnownFileType = sourcecode.swift; path = CustomTabBarItemView.swift; sourceTree = "<group>"; };
		BBA4F3D52A7F1F1800DF4148 /* TabBarItemPreferenceKey.swift */ = {isa = PBXFileReference; lastKnownFileType = sourcecode.swift; path = TabBarItemPreferenceKey.swift; sourceTree = "<group>"; };
		BBA4F3D72A7F214800DF4148 /* Color.swift */ = {isa = PBXFileReference; lastKnownFileType = sourcecode.swift; path = Color.swift; sourceTree = "<group>"; };
		BBA4F3D92A7F233A00DF4148 /* TabsView.swift */ = {isa = PBXFileReference; lastKnownFileType = sourcecode.swift; path = TabsView.swift; sourceTree = "<group>"; };
		BBAAA0562AA80AA500631BD8 /* TodoMapModel.xcdatamodel */ = {isa = PBXFileReference; lastKnownFileType = wrapper.xcdatamodel; path = TodoMapModel.xcdatamodel; sourceTree = "<group>"; };
		BBAAA0582AA80ACD00631BD8 /* PersistenceController.swift */ = {isa = PBXFileReference; lastKnownFileType = sourcecode.swift; path = PersistenceController.swift; sourceTree = "<group>"; };
		BBCA8D3D2AA41FB200D302B7 /* GoogleNearbySearchModel.swift */ = {isa = PBXFileReference; lastKnownFileType = sourcecode.swift; path = GoogleNearbySearchModel.swift; sourceTree = "<group>"; };
		BBCA8D3F2AA425E500D302B7 /* LocationManager.swift */ = {isa = PBXFileReference; lastKnownFileType = sourcecode.swift; path = LocationManager.swift; sourceTree = "<group>"; };
		BBCA8D412AA436EE00D302B7 /* NearBySearchListRowView.swift */ = {isa = PBXFileReference; lastKnownFileType = sourcecode.swift; path = NearBySearchListRowView.swift; sourceTree = "<group>"; };
		BBCA8D452AA570A800D302B7 /* MKCoordinateRegion.swift */ = {isa = PBXFileReference; lastKnownFileType = sourcecode.swift; path = MKCoordinateRegion.swift; sourceTree = "<group>"; };
		BBCA8D472AA582B100D302B7 /* DistanceUnit.swift */ = {isa = PBXFileReference; lastKnownFileType = sourcecode.swift; path = DistanceUnit.swift; sourceTree = "<group>"; };
		BBCA8D492AA5945900D302B7 /* Double.swift */ = {isa = PBXFileReference; lastKnownFileType = sourcecode.swift; path = Double.swift; sourceTree = "<group>"; };
		BBCB5BEF2A998DA100D08DE8 /* PlacesSearchView.swift */ = {isa = PBXFileReference; lastKnownFileType = sourcecode.swift; path = PlacesSearchView.swift; sourceTree = "<group>"; };
		BBD948D42A91AA1700777393 /* TodoMapView.swift */ = {isa = PBXFileReference; lastKnownFileType = sourcecode.swift; path = TodoMapView.swift; sourceTree = "<group>"; };
		BBD948D62A91AA2500777393 /* TodoMapViewModel.swift */ = {isa = PBXFileReference; lastKnownFileType = sourcecode.swift; path = TodoMapViewModel.swift; sourceTree = "<group>"; };
		BBD948D92A91C1DE00777393 /* CustomMapView.swift */ = {isa = PBXFileReference; lastKnownFileType = sourcecode.swift; path = CustomMapView.swift; sourceTree = "<group>"; };
		BBF1ABFE2ABBF5D500F6B117 /* Spacer.swift */ = {isa = PBXFileReference; lastKnownFileType = sourcecode.swift; path = Spacer.swift; sourceTree = "<group>"; };
/* End PBXFileReference section */

/* Begin PBXFrameworksBuildPhase section */
		BBA4F3AF2A7F199B00DF4148 /* Frameworks */ = {
			isa = PBXFrameworksBuildPhase;
			buildActionMask = 2147483647;
			files = (
			);
			runOnlyForDeploymentPostprocessing = 0;
		};
/* End PBXFrameworksBuildPhase section */

/* Begin PBXGroup section */
		BB0961ED2B7A957500814C4A /* Map */ = {
			isa = PBXGroup;
			children = (
				BBD948D22A91AA0200777393 /* ViewModels */,
				BBD948D32A91AA0800777393 /* Views */,
			);
			path = Map;
			sourceTree = "<group>";
		};
		BB42E1B52A8AD00A001D2F05 /* CheckCircle */ = {
			isa = PBXGroup;
			children = (
				BB42E1B62A8AD038001D2F05 /* CheckCircleView.swift */,
			);
			path = CheckCircle;
			sourceTree = "<group>";
		};
		BB42E1BC2A910B0C001D2F05 /* Protocols */ = {
			isa = PBXGroup;
			children = (
				BB42E1BD2A910B27001D2F05 /* KeyboardReadable.swift */,
			);
			path = Protocols;
			sourceTree = "<group>";
		};
		BB629A8C2A82AAA700B14D49 /* TodoList */ = {
			isa = PBXGroup;
			children = (
				BB0961E12B799EAE00814C4A /* TodoListContentView.swift */,
				BB0961DF2B79960F00814C4A /* TodoListCoordinator.swift */,
				BB629A932A82AB2700B14D49 /* TodoItemListEditView */,
				BB629A8D2A82AABC00B14D49 /* TodosView */,
			);
			path = TodoList;
			sourceTree = "<group>";
		};
		BB629A8D2A82AABC00B14D49 /* TodosView */ = {
			isa = PBXGroup;
			children = (
				BB629A8E2A82AACD00B14D49 /* ViewModels */,
				BB629A8F2A82AAD300B14D49 /* Views */,
			);
			path = TodosView;
			sourceTree = "<group>";
		};
		BB629A8E2A82AACD00B14D49 /* ViewModels */ = {
			isa = PBXGroup;
			children = (
				BB629A992A82ABB200B14D49 /* TodosViewModel.swift */,
			);
			path = ViewModels;
			sourceTree = "<group>";
		};
		BB629A8F2A82AAD300B14D49 /* Views */ = {
			isa = PBXGroup;
			children = (
				BB629A942A82AB5400B14D49 /* TodoRowView.swift */,
				BB629A962A82AB7100B14D49 /* TodoItemGroupListView.swift */,
			);
			path = Views;
			sourceTree = "<group>";
		};
		BB629A932A82AB2700B14D49 /* TodoItemListEditView */ = {
			isa = PBXGroup;
			children = (
				BB629AAB2A82D6D100B14D49 /* ViewModels */,
				BB629AAA2A82D6AE00B14D49 /* Views */,
			);
			path = TodoItemListEditView;
			sourceTree = "<group>";
		};
		BB629A9D2A82AC8D00B14D49 /* Enums */ = {
			isa = PBXGroup;
			children = (
				BB0961D52B76778500814C4A /* CoreDataError.swift */,
				BBCA8D472AA582B100D302B7 /* DistanceUnit.swift */,
				BB0961D12B766F8E00814C4A /* GooglePlacesAPIEndpoints.swift */,
				BB7767122A94522700E2A6BC /* GooglePlaceType.swift */,
				BB4250042B766455009987FA /* HTTPMethod.swift */,
				BB83ECA62AAFB52A00BECCD3 /* LocationType.swift */,
				BB0961CF2B76683100814C4A /* NetworkError.swift */,
				BB629A9E2A82ACAE00B14D49 /* Status.swift */,
				BB0961DB2B787C6400814C4A /* LocationError.swift */,
				BB0961E92B7A5CCC00814C4A /* PlistError.swift */,
			);
			path = Enums;
			sourceTree = "<group>";
		};
		BB629AAA2A82D6AE00B14D49 /* Views */ = {
			isa = PBXGroup;
			children = (
				BB83ECA02AAC288D00BECCD3 /* LocationSearchSheetView.swift */,
				BB42E1B32A89E6B5001D2F05 /* TodoItemEditView.swift */,
				BB629AAE2A82D75900B14D49 /* TodoItemListEditView.swift */,
				BB42E1AF2A8428A8001D2F05 /* TodoItemNameLocationEditView.swift */,
				BB42E1B12A89E66D001D2F05 /* TodoItemsEditView.swift */,
			);
			path = Views;
			sourceTree = "<group>";
		};
		BB629AAB2A82D6D100B14D49 /* ViewModels */ = {
			isa = PBXGroup;
			children = (
				BB629AAC2A82D73A00B14D49 /* TodoItemListEditViewModel.swift */,
			);
			path = ViewModels;
			sourceTree = "<group>";
		};
		BB7767162A94571C00E2A6BC /* PlacesSearch */ = {
			isa = PBXGroup;
			children = (
				BB7767182A94580C00E2A6BC /* ViewModels */,
				BB7767172A9457C800E2A6BC /* Views */,
			);
			path = PlacesSearch;
			sourceTree = "<group>";
		};
		BB7767172A9457C800E2A6BC /* Views */ = {
			isa = PBXGroup;
			children = (
				BB7767222A9458CA00E2A6BC /* AutoCompleteListRowView.swift */,
				BBCA8D412AA436EE00D302B7 /* NearBySearchListRowView.swift */,
				BB7767202A9458A700E2A6BC /* PlaceSearchListView.swift */,
				BB83ECA22AAFAECD00BECCD3 /* PlaceSelectionView.swift */,
				BB77671D2A94588900E2A6BC /* PlacesSearchBarView.swift */,
				BBCB5BEF2A998DA100D08DE8 /* PlacesSearchView.swift */,
			);
			path = Views;
			sourceTree = "<group>";
		};
		BB7767182A94580C00E2A6BC /* ViewModels */ = {
			isa = PBXGroup;
			children = (
				BB7767192A94586000E2A6BC /* PlacesSearchViewModel.swift */,
			);
			path = ViewModels;
			sourceTree = "<group>";
		};
		BBA4F3A92A7F199B00DF4148 = {
			isa = PBXGroup;
			children = (
				BBA4F3B42A7F199C00DF4148 /* TodoMap */,
				BBA4F3B32A7F199C00DF4148 /* Products */,
			);
			sourceTree = "<group>";
		};
		BBA4F3B32A7F199C00DF4148 /* Products */ = {
			isa = PBXGroup;
			children = (
				BBA4F3B22A7F199C00DF4148 /* TodoMap.app */,
			);
			name = Products;
			sourceTree = "<group>";
		};
		BBA4F3B42A7F199C00DF4148 /* TodoMap */ = {
			isa = PBXGroup;
			children = (
				BB0961E32B7A5C1400814C4A /* ApiKeys.plist */,
				BBA4F3B72A7F199C00DF4148 /* ContentView.swift */,
				BB0961DD2B7990BE00814C4A /* MainCoordinator.swift */,
				BBA4F3B52A7F199C00DF4148 /* MapTodoApp.swift */,
				BBA4F3B92A7F199D00DF4148 /* Assets.xcassets */,
				BBA4F3C32A7F1AA900DF4148 /* Core */,
				BBAAA0622AA80EAC00631BD8 /* CoreData */,
				BB629A9D2A82AC8D00B14D49 /* Enums */,
				BBA4F3C42A7F1AB300DF4148 /* Extensions */,
				BBA4F3C52A7F1ABB00DF4148 /* Models */,
				BBA4F3BB2A7F199D00DF4148 /* Preview Content */,
				BB42E1BC2A910B0C001D2F05 /* Protocols */,
				BBA4F3C62A7F1AC300DF4148 /* Services */,
				BBA4F3C72A7F1AC900DF4148 /* Utilities */,
			);
			path = TodoMap;
			sourceTree = "<group>";
		};
		BBA4F3BB2A7F199D00DF4148 /* Preview Content */ = {
			isa = PBXGroup;
			children = (
				BBA4F3BC2A7F199D00DF4148 /* Preview Assets.xcassets */,
			);
			path = "Preview Content";
			sourceTree = "<group>";
		};
		BBA4F3C32A7F1AA900DF4148 /* Core */ = {
			isa = PBXGroup;
			children = (
				BBD948D12A91A9F900777393 /* TodoMap */,
				BB629A8C2A82AAA700B14D49 /* TodoList */,
				BBA4F3CA2A7F1B4200DF4148 /* Components */,
				BBA4F3C92A7F1B2D00DF4148 /* Tabs */,
			);
			path = Core;
			sourceTree = "<group>";
		};
		BBA4F3C42A7F1AB300DF4148 /* Extensions */ = {
			isa = PBXGroup;
			children = (
				BBA4F3D72A7F214800DF4148 /* Color.swift */,
				BB629AA82A82CBB700B14D49 /* Date.swift */,
				BBCA8D492AA5945900D302B7 /* Double.swift */,
				BBCA8D452AA570A800D302B7 /* MKCoordinateRegion.swift */,
				BB629AA02A82AE3C00B14D49 /* PreviewProvider.swift */,
				BBA4F3D02A7F1C0F00DF4148 /* String.swift */,
				BB42E1BA2A901677001D2F05 /* UIApplication.swift */,
				BB629AA62A82C90A00B14D49 /* View.swift */,
				BBF1ABFE2ABBF5D500F6B117 /* Spacer.swift */,
				BB0961D72B76D36F00814C4A /* Binding.swift */,
				BB0961D92B76D3EF00814C4A /* Optional.swift */,
			);
			path = Extensions;
			sourceTree = "<group>";
		};
		BBA4F3C52A7F1ABB00DF4148 /* Models */ = {
			isa = PBXGroup;
			children = (
				BB77670C2A94424300E2A6BC /* GoogleAutoCompleteModel.swift */,
				BBCA8D3D2AA41FB200D302B7 /* GoogleNearbySearchModel.swift */,
				BB629AA42A82BBA100B14D49 /* LocationModel.swift */,
				BB629AA22A82B9B100B14D49 /* TodoItemListModel.swift */,
				BB629A9B2A82ABD300B14D49 /* TodoItemModel.swift */,
				BB83ECA42AAFB48500BECCD3 /* ReverseGeocodeModel.swift */,
				BB0961E72B7A5C8600814C4A /* ApiKeyModel.swift */,
			);
			path = Models;
			sourceTree = "<group>";
		};
		BBA4F3C62A7F1AC300DF4148 /* Services */ = {
			isa = PBXGroup;
			children = (
				BB77670A2A943FC600E2A6BC /* MapsService.swift */,
			);
			path = Services;
			sourceTree = "<group>";
		};
		BBA4F3C72A7F1AC900DF4148 /* Utilities */ = {
			isa = PBXGroup;
			children = (
				BB0961E52B7A5C3B00814C4A /* ApiKeyManager.swift */,
				BB7767102A9450C500E2A6BC /* Constants.swift */,
				BBCA8D3F2AA425E500D302B7 /* LocationManager.swift */,
				BB77670E2A944C9400E2A6BC /* NetworkManager.swift */,
				BB0961D32B76704900814C4A /* TodoMapCoreDataManager.swift */,
			);
			path = Utilities;
			sourceTree = "<group>";
		};
		BBA4F3C92A7F1B2D00DF4148 /* Tabs */ = {
			isa = PBXGroup;
			children = (
				BBA4F3D92A7F233A00DF4148 /* TabsView.swift */,
			);
			path = Tabs;
			sourceTree = "<group>";
		};
		BBA4F3CA2A7F1B4200DF4148 /* Components */ = {
			isa = PBXGroup;
			children = (
				BBD948D82A91C1C100777393 /* CustomMapView */,
				BB42E1B52A8AD00A001D2F05 /* CheckCircle */,
				BBA4F3CB2A7F1B4F00DF4148 /* CustomTabView */,
			);
			path = Components;
			sourceTree = "<group>";
		};
		BBA4F3CB2A7F1B4F00DF4148 /* CustomTabView */ = {
			isa = PBXGroup;
			children = (
				BBA4F3D32A7F1CD900DF4148 /* CustomTabBarItemView.swift */,
				BBA4F3CC2A7F1B6D00DF4148 /* CustomTabBarView.swift */,
				BBA4F3CE2A7F1B9400DF4148 /* TabBarItem.swift */,
				BBA4F3D52A7F1F1800DF4148 /* TabBarItemPreferenceKey.swift */,
			);
			path = CustomTabView;
			sourceTree = "<group>";
		};
		BBAAA0622AA80EAC00631BD8 /* CoreData */ = {
			isa = PBXGroup;
			children = (
				BBAAA0582AA80ACD00631BD8 /* PersistenceController.swift */,
				BBAAA0552AA80AA500631BD8 /* TodoMapModel.xcdatamodeld */,
			);
			path = CoreData;
			sourceTree = "<group>";
		};
		BBD948D12A91A9F900777393 /* TodoMap */ = {
			isa = PBXGroup;
			children = (
				BB0961EB2B7A941A00814C4A /* MapCoordinator.swift */,
				BB0961EE2B7A988900814C4A /* MapsContentView.swift */,
				BB0961ED2B7A957500814C4A /* Map */,
				BB7767162A94571C00E2A6BC /* PlacesSearch */,
			);
			path = TodoMap;
			sourceTree = "<group>";
		};
		BBD948D22A91AA0200777393 /* ViewModels */ = {
			isa = PBXGroup;
			children = (
				BBD948D62A91AA2500777393 /* TodoMapViewModel.swift */,
			);
			path = ViewModels;
			sourceTree = "<group>";
		};
		BBD948D32A91AA0800777393 /* Views */ = {
			isa = PBXGroup;
			children = (
				BBD948D42A91AA1700777393 /* TodoMapView.swift */,
			);
			path = Views;
			sourceTree = "<group>";
		};
		BBD948D82A91C1C100777393 /* CustomMapView */ = {
			isa = PBXGroup;
			children = (
				BBD948D92A91C1DE00777393 /* CustomMapView.swift */,
			);
			path = CustomMapView;
			sourceTree = "<group>";
		};
/* End PBXGroup section */

/* Begin PBXNativeTarget section */
		BBA4F3B12A7F199B00DF4148 /* TodoMap */ = {
			isa = PBXNativeTarget;
			buildConfigurationList = BBA4F3C02A7F199D00DF4148 /* Build configuration list for PBXNativeTarget "TodoMap" */;
			buildPhases = (
				BBA4F3AE2A7F199B00DF4148 /* Sources */,
				BBA4F3AF2A7F199B00DF4148 /* Frameworks */,
				BBA4F3B02A7F199B00DF4148 /* Resources */,
			);
			buildRules = (
			);
			dependencies = (
			);
			name = TodoMap;
			productName = MapTodo;
			productReference = BBA4F3B22A7F199C00DF4148 /* TodoMap.app */;
			productType = "com.apple.product-type.application";
		};
/* End PBXNativeTarget section */

/* Begin PBXProject section */
		BBA4F3AA2A7F199B00DF4148 /* Project object */ = {
			isa = PBXProject;
			attributes = {
				BuildIndependentTargetsInParallel = 1;
				LastSwiftUpdateCheck = 1430;
				LastUpgradeCheck = 1520;
				TargetAttributes = {
					BBA4F3B12A7F199B00DF4148 = {
						CreatedOnToolsVersion = 14.3.1;
					};
				};
			};
			buildConfigurationList = BBA4F3AD2A7F199B00DF4148 /* Build configuration list for PBXProject "TodoMap" */;
			compatibilityVersion = "Xcode 14.0";
			developmentRegion = en;
			hasScannedForEncodings = 0;
			knownRegions = (
				en,
				Base,
			);
			mainGroup = BBA4F3A92A7F199B00DF4148;
			productRefGroup = BBA4F3B32A7F199C00DF4148 /* Products */;
			projectDirPath = "";
			projectRoot = "";
			targets = (
				BBA4F3B12A7F199B00DF4148 /* TodoMap */,
			);
		};
/* End PBXProject section */

/* Begin PBXResourcesBuildPhase section */
		BBA4F3B02A7F199B00DF4148 /* Resources */ = {
			isa = PBXResourcesBuildPhase;
			buildActionMask = 2147483647;
			files = (
				BBA4F3BD2A7F199D00DF4148 /* Preview Assets.xcassets in Resources */,
				BBA4F3BA2A7F199D00DF4148 /* Assets.xcassets in Resources */,
				BB0961E42B7A5C1400814C4A /* ApiKeys.plist in Resources */,
			);
			runOnlyForDeploymentPostprocessing = 0;
		};
/* End PBXResourcesBuildPhase section */

/* Begin PBXSourcesBuildPhase section */
		BBA4F3AE2A7F199B00DF4148 /* Sources */ = {
			isa = PBXSourcesBuildPhase;
			buildActionMask = 2147483647;
			files = (
				BB42E1BB2A901677001D2F05 /* UIApplication.swift in Sources */,
				BB7767112A9450C500E2A6BC /* Constants.swift in Sources */,
				BBCA8D462AA570A800D302B7 /* MKCoordinateRegion.swift in Sources */,
				BBA4F3D62A7F1F1800DF4148 /* TabBarItemPreferenceKey.swift in Sources */,
				BB42E1B22A89E66D001D2F05 /* TodoItemsEditView.swift in Sources */,
				BB83ECA32AAFAECD00BECCD3 /* PlaceSelectionView.swift in Sources */,
				BBA4F3D42A7F1CD900DF4148 /* CustomTabBarItemView.swift in Sources */,
				BB0961DA2B76D3EF00814C4A /* Optional.swift in Sources */,
				BB77671A2A94586000E2A6BC /* PlacesSearchViewModel.swift in Sources */,
				BBA4F3CD2A7F1B6D00DF4148 /* CustomTabBarView.swift in Sources */,
				BB42E1BE2A910B27001D2F05 /* KeyboardReadable.swift in Sources */,
				BBCB5BF02A998DA100D08DE8 /* PlacesSearchView.swift in Sources */,
				BBA4F3B82A7F199C00DF4148 /* ContentView.swift in Sources */,
				BBAAA0572AA80AA500631BD8 /* TodoMapModel.xcdatamodeld in Sources */,
				BB629AA12A82AE3C00B14D49 /* PreviewProvider.swift in Sources */,
				BBCA8D3E2AA41FB200D302B7 /* GoogleNearbySearchModel.swift in Sources */,
				BB629A9A2A82ABB200B14D49 /* TodosViewModel.swift in Sources */,
				BB0961D22B766F8E00814C4A /* GooglePlacesAPIEndpoints.swift in Sources */,
				BBF1ABFF2ABBF5D500F6B117 /* Spacer.swift in Sources */,
				BB629AA32A82B9B100B14D49 /* TodoItemListModel.swift in Sources */,
				BB0961D82B76D36F00814C4A /* Binding.swift in Sources */,
				BB0961DC2B787C6400814C4A /* LocationError.swift in Sources */,
				BB0961D02B76683100814C4A /* NetworkError.swift in Sources */,
				BB77671E2A94588900E2A6BC /* PlacesSearchBarView.swift in Sources */,
				BB7767232A9458CA00E2A6BC /* AutoCompleteListRowView.swift in Sources */,
				BBD948D72A91AA2500777393 /* TodoMapViewModel.swift in Sources */,
				BB629AAF2A82D75900B14D49 /* TodoItemListEditView.swift in Sources */,
				BB629A972A82AB7100B14D49 /* TodoItemGroupListView.swift in Sources */,
				BB0961D42B76704900814C4A /* TodoMapCoreDataManager.swift in Sources */,
				BBA4F3D12A7F1C0F00DF4148 /* String.swift in Sources */,
				BB0961EC2B7A941A00814C4A /* MapCoordinator.swift in Sources */,
				BB7767212A9458A700E2A6BC /* PlaceSearchListView.swift in Sources */,
				BBA4F3D82A7F214800DF4148 /* Color.swift in Sources */,
				BB0961EF2B7A988900814C4A /* MapsContentView.swift in Sources */,
				BB77670F2A944C9400E2A6BC /* NetworkManager.swift in Sources */,
				BB42E1B02A8428A8001D2F05 /* TodoItemNameLocationEditView.swift in Sources */,
				BBA4F3DA2A7F233A00DF4148 /* TabsView.swift in Sources */,
				BBCA8D482AA582B100D302B7 /* DistanceUnit.swift in Sources */,
				BBCA8D402AA425E500D302B7 /* LocationManager.swift in Sources */,
				BB0961EA2B7A5CCC00814C4A /* PlistError.swift in Sources */,
				BB77670B2A943FC600E2A6BC /* MapsService.swift in Sources */,
				BB629AAD2A82D73A00B14D49 /* TodoItemListEditViewModel.swift in Sources */,
				BBAAA0592AA80ACD00631BD8 /* PersistenceController.swift in Sources */,
				BB83ECA72AAFB52A00BECCD3 /* LocationType.swift in Sources */,
				BB629A9F2A82ACAE00B14D49 /* Status.swift in Sources */,
				BB0961E02B79960F00814C4A /* TodoListCoordinator.swift in Sources */,
				BB629A9C2A82ABD300B14D49 /* TodoItemModel.swift in Sources */,
				BBD948D52A91AA1700777393 /* TodoMapView.swift in Sources */,
				BB629A952A82AB5400B14D49 /* TodoRowView.swift in Sources */,
				BBCA8D4A2AA5945900D302B7 /* Double.swift in Sources */,
				BB629AA72A82C90A00B14D49 /* View.swift in Sources */,
				BB7767132A94522700E2A6BC /* GooglePlaceType.swift in Sources */,
				BB0961D62B76778500814C4A /* CoreDataError.swift in Sources */,
				BB77670D2A94424300E2A6BC /* GoogleAutoCompleteModel.swift in Sources */,
				BBA4F3CF2A7F1B9400DF4148 /* TabBarItem.swift in Sources */,
				BBD948DA2A91C1DE00777393 /* CustomMapView.swift in Sources */,
				BB629AA92A82CBB700B14D49 /* Date.swift in Sources */,
				BB629AA52A82BBA100B14D49 /* LocationModel.swift in Sources */,
				BB83ECA52AAFB48500BECCD3 /* ReverseGeocodeModel.swift in Sources */,
				BB0961E22B799EAE00814C4A /* TodoListContentView.swift in Sources */,
				BBA4F3B62A7F199C00DF4148 /* MapTodoApp.swift in Sources */,
				BB83ECA12AAC288D00BECCD3 /* LocationSearchSheetView.swift in Sources */,
				BB4250052B766455009987FA /* HTTPMethod.swift in Sources */,
				BB42E1B42A89E6B5001D2F05 /* TodoItemEditView.swift in Sources */,
				BBCA8D422AA436EE00D302B7 /* NearBySearchListRowView.swift in Sources */,
				BB0961E82B7A5C8600814C4A /* ApiKeyModel.swift in Sources */,
				BB42E1B72A8AD038001D2F05 /* CheckCircleView.swift in Sources */,
				BB0961E62B7A5C3B00814C4A /* ApiKeyManager.swift in Sources */,
				BB0961DE2B7990BE00814C4A /* MainCoordinator.swift in Sources */,
			);
			runOnlyForDeploymentPostprocessing = 0;
		};
/* End PBXSourcesBuildPhase section */

/* Begin XCBuildConfiguration section */
		BBA4F3BE2A7F199D00DF4148 /* Debug */ = {
			isa = XCBuildConfiguration;
			buildSettings = {
				ALWAYS_SEARCH_USER_PATHS = NO;
				CLANG_ANALYZER_NONNULL = YES;
				CLANG_ANALYZER_NUMBER_OBJECT_CONVERSION = YES_AGGRESSIVE;
				CLANG_CXX_LANGUAGE_STANDARD = "gnu++20";
				CLANG_ENABLE_MODULES = YES;
				CLANG_ENABLE_OBJC_ARC = YES;
				CLANG_ENABLE_OBJC_WEAK = YES;
				CLANG_WARN_BLOCK_CAPTURE_AUTORELEASING = YES;
				CLANG_WARN_BOOL_CONVERSION = YES;
				CLANG_WARN_COMMA = YES;
				CLANG_WARN_CONSTANT_CONVERSION = YES;
				CLANG_WARN_DEPRECATED_OBJC_IMPLEMENTATIONS = YES;
				CLANG_WARN_DIRECT_OBJC_ISA_USAGE = YES_ERROR;
				CLANG_WARN_DOCUMENTATION_COMMENTS = YES;
				CLANG_WARN_EMPTY_BODY = YES;
				CLANG_WARN_ENUM_CONVERSION = YES;
				CLANG_WARN_INFINITE_RECURSION = YES;
				CLANG_WARN_INT_CONVERSION = YES;
				CLANG_WARN_NON_LITERAL_NULL_CONVERSION = YES;
				CLANG_WARN_OBJC_IMPLICIT_RETAIN_SELF = YES;
				CLANG_WARN_OBJC_LITERAL_CONVERSION = YES;
				CLANG_WARN_OBJC_ROOT_CLASS = YES_ERROR;
				CLANG_WARN_QUOTED_INCLUDE_IN_FRAMEWORK_HEADER = YES;
				CLANG_WARN_RANGE_LOOP_ANALYSIS = YES;
				CLANG_WARN_STRICT_PROTOTYPES = YES;
				CLANG_WARN_SUSPICIOUS_MOVE = YES;
				CLANG_WARN_UNGUARDED_AVAILABILITY = YES_AGGRESSIVE;
				CLANG_WARN_UNREACHABLE_CODE = YES;
				CLANG_WARN__DUPLICATE_METHOD_MATCH = YES;
				COPY_PHASE_STRIP = NO;
				DEBUG_INFORMATION_FORMAT = dwarf;
				ENABLE_STRICT_OBJC_MSGSEND = YES;
				ENABLE_TESTABILITY = YES;
				ENABLE_USER_SCRIPT_SANDBOXING = YES;
				GCC_C_LANGUAGE_STANDARD = gnu11;
				GCC_DYNAMIC_NO_PIC = NO;
				GCC_NO_COMMON_BLOCKS = YES;
				GCC_OPTIMIZATION_LEVEL = 0;
				GCC_PREPROCESSOR_DEFINITIONS = (
					"DEBUG=1",
					"$(inherited)",
				);
				GCC_WARN_64_TO_32_BIT_CONVERSION = YES;
				GCC_WARN_ABOUT_RETURN_TYPE = YES_ERROR;
				GCC_WARN_UNDECLARED_SELECTOR = YES;
				GCC_WARN_UNINITIALIZED_AUTOS = YES_AGGRESSIVE;
				GCC_WARN_UNUSED_FUNCTION = YES;
				GCC_WARN_UNUSED_VARIABLE = YES;
				IPHONEOS_DEPLOYMENT_TARGET = 16.4;
				MTL_ENABLE_DEBUG_INFO = INCLUDE_SOURCE;
				MTL_FAST_MATH = YES;
				ONLY_ACTIVE_ARCH = YES;
				SDKROOT = iphoneos;
				SWIFT_ACTIVE_COMPILATION_CONDITIONS = DEBUG;
				SWIFT_OPTIMIZATION_LEVEL = "-Onone";
			};
			name = Debug;
		};
		BBA4F3BF2A7F199D00DF4148 /* Release */ = {
			isa = XCBuildConfiguration;
			buildSettings = {
				ALWAYS_SEARCH_USER_PATHS = NO;
				CLANG_ANALYZER_NONNULL = YES;
				CLANG_ANALYZER_NUMBER_OBJECT_CONVERSION = YES_AGGRESSIVE;
				CLANG_CXX_LANGUAGE_STANDARD = "gnu++20";
				CLANG_ENABLE_MODULES = YES;
				CLANG_ENABLE_OBJC_ARC = YES;
				CLANG_ENABLE_OBJC_WEAK = YES;
				CLANG_WARN_BLOCK_CAPTURE_AUTORELEASING = YES;
				CLANG_WARN_BOOL_CONVERSION = YES;
				CLANG_WARN_COMMA = YES;
				CLANG_WARN_CONSTANT_CONVERSION = YES;
				CLANG_WARN_DEPRECATED_OBJC_IMPLEMENTATIONS = YES;
				CLANG_WARN_DIRECT_OBJC_ISA_USAGE = YES_ERROR;
				CLANG_WARN_DOCUMENTATION_COMMENTS = YES;
				CLANG_WARN_EMPTY_BODY = YES;
				CLANG_WARN_ENUM_CONVERSION = YES;
				CLANG_WARN_INFINITE_RECURSION = YES;
				CLANG_WARN_INT_CONVERSION = YES;
				CLANG_WARN_NON_LITERAL_NULL_CONVERSION = YES;
				CLANG_WARN_OBJC_IMPLICIT_RETAIN_SELF = YES;
				CLANG_WARN_OBJC_LITERAL_CONVERSION = YES;
				CLANG_WARN_OBJC_ROOT_CLASS = YES_ERROR;
				CLANG_WARN_QUOTED_INCLUDE_IN_FRAMEWORK_HEADER = YES;
				CLANG_WARN_RANGE_LOOP_ANALYSIS = YES;
				CLANG_WARN_STRICT_PROTOTYPES = YES;
				CLANG_WARN_SUSPICIOUS_MOVE = YES;
				CLANG_WARN_UNGUARDED_AVAILABILITY = YES_AGGRESSIVE;
				CLANG_WARN_UNREACHABLE_CODE = YES;
				CLANG_WARN__DUPLICATE_METHOD_MATCH = YES;
				COPY_PHASE_STRIP = NO;
				DEBUG_INFORMATION_FORMAT = "dwarf-with-dsym";
				ENABLE_NS_ASSERTIONS = NO;
				ENABLE_STRICT_OBJC_MSGSEND = YES;
				ENABLE_USER_SCRIPT_SANDBOXING = YES;
				GCC_C_LANGUAGE_STANDARD = gnu11;
				GCC_NO_COMMON_BLOCKS = YES;
				GCC_WARN_64_TO_32_BIT_CONVERSION = YES;
				GCC_WARN_ABOUT_RETURN_TYPE = YES_ERROR;
				GCC_WARN_UNDECLARED_SELECTOR = YES;
				GCC_WARN_UNINITIALIZED_AUTOS = YES_AGGRESSIVE;
				GCC_WARN_UNUSED_FUNCTION = YES;
				GCC_WARN_UNUSED_VARIABLE = YES;
				IPHONEOS_DEPLOYMENT_TARGET = 16.4;
				MTL_ENABLE_DEBUG_INFO = NO;
				MTL_FAST_MATH = YES;
				SDKROOT = iphoneos;
				SWIFT_COMPILATION_MODE = wholemodule;
				SWIFT_OPTIMIZATION_LEVEL = "-O";
				VALIDATE_PRODUCT = YES;
			};
			name = Release;
		};
		BBA4F3C12A7F199D00DF4148 /* Debug */ = {
			isa = XCBuildConfiguration;
			buildSettings = {
				ASSETCATALOG_COMPILER_APPICON_NAME = AppIcon;
				ASSETCATALOG_COMPILER_GLOBAL_ACCENT_COLOR_NAME = AccentColor;
				CODE_SIGN_STYLE = Automatic;
				CURRENT_PROJECT_VERSION = 1;
				DEVELOPMENT_ASSET_PATHS = "\"TodoMap/Preview Content\"";
				DEVELOPMENT_TEAM = FVEGF5DQ7U;
				ENABLE_PREVIEWS = YES;
				GENERATE_INFOPLIST_FILE = YES;
				INFOPLIST_KEY_NSLocationWhenInUseUsageDescription = "This app needs location to show it on the map.";
				INFOPLIST_KEY_UIApplicationSceneManifest_Generation = YES;
				INFOPLIST_KEY_UIApplicationSupportsIndirectInputEvents = YES;
				INFOPLIST_KEY_UILaunchScreen_Generation = YES;
				INFOPLIST_KEY_UISupportedInterfaceOrientations_iPad = "UIInterfaceOrientationPortrait UIInterfaceOrientationPortraitUpsideDown UIInterfaceOrientationLandscapeLeft UIInterfaceOrientationLandscapeRight";
				INFOPLIST_KEY_UISupportedInterfaceOrientations_iPhone = "UIInterfaceOrientationPortrait UIInterfaceOrientationLandscapeLeft UIInterfaceOrientationLandscapeRight";
				LD_RUNPATH_SEARCH_PATHS = (
					"$(inherited)",
					"@executable_path/Frameworks",
				);
				MARKETING_VERSION = 1.0;
				PRODUCT_BUNDLE_IDENTIFIER = com.stokuda.TodoMap;
				PRODUCT_NAME = "$(TARGET_NAME)";
				SWIFT_EMIT_LOC_STRINGS = YES;
				SWIFT_VERSION = 5.0;
				TARGETED_DEVICE_FAMILY = "1,2";
			};
			name = Debug;
		};
		BBA4F3C22A7F199D00DF4148 /* Release */ = {
			isa = XCBuildConfiguration;
			buildSettings = {
				ASSETCATALOG_COMPILER_APPICON_NAME = AppIcon;
				ASSETCATALOG_COMPILER_GLOBAL_ACCENT_COLOR_NAME = AccentColor;
				CODE_SIGN_STYLE = Automatic;
				CURRENT_PROJECT_VERSION = 1;
				DEVELOPMENT_ASSET_PATHS = "\"TodoMap/Preview Content\"";
				DEVELOPMENT_TEAM = FVEGF5DQ7U;
				ENABLE_PREVIEWS = YES;
				GENERATE_INFOPLIST_FILE = YES;
				INFOPLIST_KEY_NSLocationWhenInUseUsageDescription = "This app needs location to show it on the map.";
				INFOPLIST_KEY_UIApplicationSceneManifest_Generation = YES;
				INFOPLIST_KEY_UIApplicationSupportsIndirectInputEvents = YES;
				INFOPLIST_KEY_UILaunchScreen_Generation = YES;
				INFOPLIST_KEY_UISupportedInterfaceOrientations_iPad = "UIInterfaceOrientationPortrait UIInterfaceOrientationPortraitUpsideDown UIInterfaceOrientationLandscapeLeft UIInterfaceOrientationLandscapeRight";
				INFOPLIST_KEY_UISupportedInterfaceOrientations_iPhone = "UIInterfaceOrientationPortrait UIInterfaceOrientationLandscapeLeft UIInterfaceOrientationLandscapeRight";
				LD_RUNPATH_SEARCH_PATHS = (
					"$(inherited)",
					"@executable_path/Frameworks",
				);
				MARKETING_VERSION = 1.0;
				PRODUCT_BUNDLE_IDENTIFIER = com.stokuda.TodoMap;
				PRODUCT_NAME = "$(TARGET_NAME)";
				SWIFT_EMIT_LOC_STRINGS = YES;
				SWIFT_VERSION = 5.0;
				TARGETED_DEVICE_FAMILY = "1,2";
			};
			name = Release;
		};
/* End XCBuildConfiguration section */

/* Begin XCConfigurationList section */
		BBA4F3AD2A7F199B00DF4148 /* Build configuration list for PBXProject "TodoMap" */ = {
			isa = XCConfigurationList;
			buildConfigurations = (
				BBA4F3BE2A7F199D00DF4148 /* Debug */,
				BBA4F3BF2A7F199D00DF4148 /* Release */,
			);
			defaultConfigurationIsVisible = 0;
			defaultConfigurationName = Release;
		};
		BBA4F3C02A7F199D00DF4148 /* Build configuration list for PBXNativeTarget "TodoMap" */ = {
			isa = XCConfigurationList;
			buildConfigurations = (
				BBA4F3C12A7F199D00DF4148 /* Debug */,
				BBA4F3C22A7F199D00DF4148 /* Release */,
			);
			defaultConfigurationIsVisible = 0;
			defaultConfigurationName = Release;
		};
/* End XCConfigurationList section */

/* Begin XCVersionGroup section */
		BBAAA0552AA80AA500631BD8 /* TodoMapModel.xcdatamodeld */ = {
			isa = XCVersionGroup;
			children = (
				BBAAA0562AA80AA500631BD8 /* TodoMapModel.xcdatamodel */,
			);
			currentVersion = BBAAA0562AA80AA500631BD8 /* TodoMapModel.xcdatamodel */;
			path = TodoMapModel.xcdatamodeld;
			sourceTree = "<group>";
			versionGroupType = wrapper.xcdatamodel;
		};
/* End XCVersionGroup section */
	};
	rootObject = BBA4F3AA2A7F199B00DF4148 /* Project object */;
}
